Microsoft Visual Studio Solution File, Format Version 12.00
# Visual Studio 15
VisualStudioVersion = 15.0.27428.2005
MinimumVisualStudioVersion = 10.0.40219.1
Project("{9A19103F-16F7-4668-BE54-9A1E7A4F7556}") = "KiraNet.KiraNet.Camellia.AuthorizationServer", "KiraNet.Camellia.AuthorizationServer\KiraNet.Camellia.AuthorizationServer.csproj", "{B693189A-FBF8-4BDB-85DB-1EBF664FFECF}"
EndProject
Project("{9A19103F-16F7-4668-BE54-9A1E7A4F7556}") = "KiraNet.Camellia.Shared", "KiraNet.Camellia.Shared\KiraNet.Camellia.Shared.csproj", "{5995A4C7-3C30-4727-A797-D3A902EC96D4}"
EndProject
Project("{9A19103F-16F7-4668-BE54-9A1E7A4F7556}") = "KiraNet.Camellia.Infrastructure", "KiraNet.Camellia.Infrastructure\KiraNet.Camellia.Infrastructure.csproj", "{EDDE783D-B73E-46BD-AC4F-6138230415F2}"
EndProject
Project("{FAE04EC0-301F-11D3-BF4B-00C04F79EFBC}") = "KiraNet.Camellia.ApiService", "KiraNet.Camellia.ApiService\KiraNet.Camellia.ApiService.csproj", "{BA43092A-759E-4E68-8223-3A3A3C2485EC}"
EndProject
Global
	GlobalSection(SolutionConfigurationPlatforms) = preSolution
		Debug|Any CPU = Debug|Any CPU
		Release|Any CPU = Release|Any CPU
	EndGlobalSection
	GlobalSection(ProjectConfigurationPlatforms) = postSolution
		{B693189A-FBF8-4BDB-85DB-1EBF664FFECF}.Debug|Any CPU.ActiveCfg = Debug|Any CPU
		{B693189A-FBF8-4BDB-85DB-1EBF664FFECF}.Debug|Any CPU.Build.0 = Debug|Any CPU
		{B693189A-FBF8-4BDB-85DB-1EBF664FFECF}.Release|Any CPU.ActiveCfg = Release|Any CPU
		{B693189A-FBF8-4BDB-85DB-1EBF664FFECF}.Release|Any CPU.Build.0 = Release|Any CPU
		{5995A4C7-3C30-4727-A797-D3A902EC96D4}.Debug|Any CPU.ActiveCfg = Debug|Any CPU
		{5995A4C7-3C30-4727-A797-D3A902EC96D4}.Debug|Any CPU.Build.0 = Debug|Any CPU
		{5995A4C7-3C30-4727-A797-D3A902EC96D4}.Release|Any CPU.ActiveCfg = Release|Any CPU
		{5995A4C7-3C30-4727-A797-D3A902EC96D4}.Release|Any CPU.Build.0 = Release|Any CPU
		{EDDE783D-B73E-46BD-AC4F-6138230415F2}.Debug|Any CPU.ActiveCfg = Debug|Any CPU
		{EDDE783D-B73E-46BD-AC4F-6138230415F2}.Debug|Any CPU.Build.0 = Debug|Any CPU
		{EDDE783D-B73E-46BD-AC4F-6138230415F2}.Release|Any CPU.ActiveCfg = Release|Any CPU
		{EDDE783D-B73E-46BD-AC4F-6138230415F2}.Release|Any CPU.Build.0 = Release|Any CPU
		{BA43092A-759E-4E68-8223-3A3A3C2485EC}.Debug|Any CPU.ActiveCfg = Debug|Any CPU
		{BA43092A-759E-4E68-8223-3A3A3C2485EC}.Debug|Any CPU.Build.0 = Debug|Any CPU
		{BA43092A-759E-4E68-8223-3A3A3C2485EC}.Release|Any CPU.ActiveCfg = Release|Any CPU
		{BA43092A-759E-4E68-8223-3A3A3C2485EC}.Release|Any CPU.Build.0 = Release|Any CPU
	EndGlobalSection
	GlobalSection(SolutionProperties) = preSolution
		HideSolutionNode = FALSE
	EndGlobalSection
	GlobalSection(ExtensibilityGlobals) = postSolution
		SolutionGuid = {D34F0F33-646E-4BA1-ACE4-7C248B7D2601}
	EndGlobalSection
EndGlobal
